
Microsoft Visual Studio Solution File, Format Version 12.00
# Visual Studio Version 17
VisualStudioVersion = 17.3.32825.248
MinimumVisualStudioVersion = 10.0.40219.1
Project("{FAE04EC0-301F-11D3-BF4B-00C04F79EFBC}") = "Kulmi", "Kulmi\Kulmi.csproj", "{4137C07B-6452-46F4-9351-A9E76C89DAF9}"
EndProject
Global
	GlobalSection(SolutionConfigurationPlatforms) = preSolution
		Debug|Any CPU = Debug|Any CPU
		Release|Any CPU = Release|Any CPU
	EndGlobalSection
	GlobalSection(ProjectConfigurationPlatforms) = postSolution
		{4137C07B-6452-46F4-9351-A9E76C89DAF9}.Debug|Any CPU.ActiveCfg = Debug|Any CPU
		{4137C07B-6452-46F4-9351-A9E76C89DAF9}.Debug|Any CPU.Build.0 = Debug|Any CPU
		{4137C07B-6452-46F4-9351-A9E76C89DAF9}.Release|Any CPU.ActiveCfg = Release|Any CPU
		{4137C07B-6452-46F4-9351-A9E76C89DAF9}.Release|Any CPU.Build.0 = Release|Any CPU
	EndGlobalSection
	GlobalSection(SolutionProperties) = preSolution
		HideSolutionNode = FALSE
	EndGlobalSection
	GlobalSection(ExtensibilityGlobals) = postSolution
		SolutionGuid = {BE0A0AFC-FAD4-4EF1-8330-D88743BE1858}
	EndGlobalSection
EndGlobal
